
Microsoft Visual Studio Solution File, Format Version 12.00
# Visual Studio Version 17
VisualStudioVersion = 17.2.32526.322
MinimumVisualStudioVersion = 10.0.40219.1
Project("{9A19103F-16F7-4668-BE54-9A1E7A4F7556}") = "TeduEcommerce.Domain", "src\TeduEcommerce.Domain\TeduEcommerce.Domain.csproj", "{554AD327-6DBA-4F8F-96F8-81CE7A0C863F}"
EndProject
Project("{9A19103F-16F7-4668-BE54-9A1E7A4F7556}") = "TeduEcommerce.EntityFrameworkCore", "src\TeduEcommerce.EntityFrameworkCore\TeduEcommerce.EntityFrameworkCore.csproj", "{C956DD76-69C8-4A9C-83EA-D17DF83340FD}"
EndProject
Project("{2150E333-8FDC-42A3-9474-1A3956D46DE8}") = "src", "src", "{CA9AC87F-097E-4F15-8393-4BC07735A5B0}"
EndProject
Project("{2150E333-8FDC-42A3-9474-1A3956D46DE8}") = "test", "test", "{04DBDB01-70F4-4E06-B468-8F87850B22BE}"
EndProject
Project("{9A19103F-16F7-4668-BE54-9A1E7A4F7556}") = "TeduEcommerce.Domain.Shared", "src\TeduEcommerce.Domain.Shared\TeduEcommerce.Domain.Shared.csproj", "{42F719ED-8413-4895-B5B4-5AB56079BC66}"
EndProject
Project("{9A19103F-16F7-4668-BE54-9A1E7A4F7556}") = "TeduEcommerce.AuthServer", "src\TeduEcommerce.AuthServer\TeduEcommerce.AuthServer.csproj", "{073C361E-B8F4-49F5-93CC-72A3FF49C026}"
EndProject
Project("{9A19103F-16F7-4668-BE54-9A1E7A4F7556}") = "TeduEcommerce.EntityFrameworkCore.Tests", "test\TeduEcommerce.EntityFrameworkCore.Tests\TeduEcommerce.EntityFrameworkCore.Tests.csproj", "{1FE30EB9-74A9-47F5-A9F6-7B1FAB672D81}"
EndProject
Project("{9A19103F-16F7-4668-BE54-9A1E7A4F7556}") = "TeduEcommerce.TestBase", "test\TeduEcommerce.TestBase\TeduEcommerce.TestBase.csproj", "{91853F21-9CD9-4132-BC29-A7D5D84FFFE7}"
EndProject
Project("{9A19103F-16F7-4668-BE54-9A1E7A4F7556}") = "TeduEcommerce.DbMigrator", "src\TeduEcommerce.DbMigrator\TeduEcommerce.DbMigrator.csproj", "{AA94D832-1CCC-4715-95A9-A483F23A1A5D}"
EndProject
Project("{2150E333-8FDC-42A3-9474-1A3956D46DE8}") = "auth", "auth", "{1C4ACF57-25F8-4924-AB4B-D4C26C9E0FC1}"
EndProject
Project("{2150E333-8FDC-42A3-9474-1A3956D46DE8}") = "common", "common", "{0FC5C74A-D6D6-4934-8C0D-184E70CE0C0B}"
EndProject
Project("{2150E333-8FDC-42A3-9474-1A3956D46DE8}") = "domain", "domain", "{766F9EE5-3EA8-48E3-BB7B-906A9DEFA412}"
EndProject
Project("{2150E333-8FDC-42A3-9474-1A3956D46DE8}") = "infrastructure", "infrastructure", "{27EC79A9-42CF-4176-B3BB-697B07AA287B}"
EndProject
Project("{2150E333-8FDC-42A3-9474-1A3956D46DE8}") = "public", "public", "{42079C50-0D57-4885-82E2-2C7CCB4BE635}"
EndProject
Project("{2150E333-8FDC-42A3-9474-1A3956D46DE8}") = "admin", "admin", "{356C65AF-4E2F-4D6A-97E7-D11B384EBFB5}"
EndProject
Project("{9A19103F-16F7-4668-BE54-9A1E7A4F7556}") = "TeduEcommerce.Admin.Application", "src\TeduEcommerce.Admin.Application\TeduEcommerce.Admin.Application.csproj", "{D262476A-A473-4110-801E-E5394345E29E}"
EndProject
Project("{9A19103F-16F7-4668-BE54-9A1E7A4F7556}") = "TeduEcommerce.Admin.Application.Contracts", "src\TeduEcommerce.Admin.Application.Contracts\TeduEcommerce.Admin.Application.Contracts.csproj", "{1AE3DBD0-8536-48D2-A254-BBB20F22058A}"
EndProject
Project("{9A19103F-16F7-4668-BE54-9A1E7A4F7556}") = "TeduEcommerce.Admin.HttpApi", "src\TeduEcommerce.Admin.HttpApi\TeduEcommerce.Admin.HttpApi.csproj", "{877AD405-FAD0-44BC-8F71-598930554395}"
EndProject
Project("{9A19103F-16F7-4668-BE54-9A1E7A4F7556}") = "TeduEcommerce.Admin.HttpApi.Host", "src\TeduEcommerce.Admin.HttpApi.Host\TeduEcommerce.Admin.HttpApi.Host.csproj", "{9C8798B2-1FAB-4082-9F3A-B90A5CB9D2D1}"
EndProject
Project("{9A19103F-16F7-4668-BE54-9A1E7A4F7556}") = "TeduEcommerce.Admin.HttpApi.Client", "src\TeduEcommerce.Admin.HttpApi.Client\TeduEcommerce.Admin.HttpApi.Client.csproj", "{FCECFDC6-2152-4A23-BBA8-81101C4612F9}"
EndProject
Project("{2150E333-8FDC-42A3-9474-1A3956D46DE8}") = "public", "public", "{EFA0AD54-9FA1-4C62-B557-A1CDC3A43AB6}"
EndProject
Project("{2150E333-8FDC-42A3-9474-1A3956D46DE8}") = "admin", "admin", "{9F28FB6E-A077-49ED-A011-9200E9D854E8}"
EndProject
Project("{9A19103F-16F7-4668-BE54-9A1E7A4F7556}") = "TeduEcommerce.Admin.Application.Tests", "test\TeduEcommerce.Admin.Application.Tests\TeduEcommerce.Admin.Application.Tests.csproj", "{1A50C3C7-8C31-453B-AD01-BD2595F6ED96}"
EndProject
Project("{9A19103F-16F7-4668-BE54-9A1E7A4F7556}") = "TeduEcommerce.Admin.HttpApi.Client.ConsoleTestApp", "test\TeduEcommerce.Admin.HttpApi.Client.ConsoleTestApp\TeduEcommerce.Admin.HttpApi.Client.ConsoleTestApp.csproj", "{19395BF9-9460-4EAE-A29C-27AC3972100A}"
EndProject
Project("{2150E333-8FDC-42A3-9474-1A3956D46DE8}") = "shared", "shared", "{DC8BB66A-2EDE-43A3-8D59-6B9238D03004}"
EndProject
Project("{9A19103F-16F7-4668-BE54-9A1E7A4F7556}") = "TeduEcommerce.Public.HttpApi.Client.ConsoleTestApp", "test\TeduEcommerce.Public.HttpApi.Client.ConsoleTestApp\TeduEcommerce.Public.HttpApi.Client.ConsoleTestApp.csproj", "{ACD9EE96-6B01-4B14-8F49-A47DC7B45775}"
EndProject
Project("{9A19103F-16F7-4668-BE54-9A1E7A4F7556}") = "TeduEcommerce.Public.Application.Tests", "test\TeduEcommerce.Public.Application.Tests\TeduEcommerce.Public.Application.Tests.csproj", "{687731AF-C771-4280-9F53-CA1D0E73246F}"
EndProject
Project("{9A19103F-16F7-4668-BE54-9A1E7A4F7556}") = "TeduEcommerce.Public.Application", "src\TeduEcommerce.Public.Application\TeduEcommerce.Public.Application.csproj", "{190BA968-163D-46D3-8493-9AE404499C42}"
EndProject
Project("{9A19103F-16F7-4668-BE54-9A1E7A4F7556}") = "TeduEcommerce.Public.Application.Contracts", "src\TeduEcommerce.Public.Application.Contracts\TeduEcommerce.Public.Application.Contracts.csproj", "{00DF2D43-25AC-4D24-BA9D-2F6961467F0A}"
EndProject
Project("{9A19103F-16F7-4668-BE54-9A1E7A4F7556}") = "TeduEcommerce.Public.HttpApi", "src\TeduEcommerce.Public.HttpApi\TeduEcommerce.Public.HttpApi.csproj", "{2C24B8FA-E344-467C-9051-7B74C12047D7}"
EndProject
Project("{9A19103F-16F7-4668-BE54-9A1E7A4F7556}") = "TeduEcommerce.Public.HttpApi.Client", "src\TeduEcommerce.Public.HttpApi.Client\TeduEcommerce.Public.HttpApi.Client.csproj", "{140A1A34-7278-495E-86A2-6582D5B7BA49}"
EndProject
Project("{9A19103F-16F7-4668-BE54-9A1E7A4F7556}") = "TeduEcommerce.Public.Web", "src\TeduEcommerce.Public.Web\TeduEcommerce.Public.Web.csproj", "{6DDD5331-CB31-4A92-8E37-51A3D17C798C}"
EndProject
Project("{9A19103F-16F7-4668-BE54-9A1E7A4F7556}") = "TeduEcommerce.Domain.Tests", "test\TeduEcommerce.Domain.Tests\TeduEcommerce.Domain.Tests.csproj", "{E06E7D0C-51F3-497C-BF48-3A32526AD3E9}"
EndProject
Project("{FAE04EC0-301F-11D3-BF4B-00C04F79EFBC}") = "TeduEcommerce.BackgroundWorkers", "src\TeduEcommerce.BackgroundWorkers\TeduEcommerce.BackgroundWorkers.csproj", "{ED9766D7-897F-443E-9E9D-6B11F385D0A6}"
EndProject
Global
	GlobalSection(SolutionConfigurationPlatforms) = preSolution
		Debug|Any CPU = Debug|Any CPU
		Release|Any CPU = Release|Any CPU
	EndGlobalSection
	GlobalSection(ProjectConfigurationPlatforms) = postSolution
		{554AD327-6DBA-4F8F-96F8-81CE7A0C863F}.Debug|Any CPU.ActiveCfg = Debug|Any CPU
		{554AD327-6DBA-4F8F-96F8-81CE7A0C863F}.Debug|Any CPU.Build.0 = Debug|Any CPU
		{554AD327-6DBA-4F8F-96F8-81CE7A0C863F}.Release|Any CPU.ActiveCfg = Release|Any CPU
		{554AD327-6DBA-4F8F-96F8-81CE7A0C863F}.Release|Any CPU.Build.0 = Release|Any CPU
		{C956DD76-69C8-4A9C-83EA-D17DF83340FD}.Debug|Any CPU.ActiveCfg = Debug|Any CPU
		{C956DD76-69C8-4A9C-83EA-D17DF83340FD}.Debug|Any CPU.Build.0 = Debug|Any CPU
		{C956DD76-69C8-4A9C-83EA-D17DF83340FD}.Release|Any CPU.ActiveCfg = Release|Any CPU
		{C956DD76-69C8-4A9C-83EA-D17DF83340FD}.Release|Any CPU.Build.0 = Release|Any CPU
		{42F719ED-8413-4895-B5B4-5AB56079BC66}.Debug|Any CPU.ActiveCfg = Debug|Any CPU
		{42F719ED-8413-4895-B5B4-5AB56079BC66}.Debug|Any CPU.Build.0 = Debug|Any CPU
		{42F719ED-8413-4895-B5B4-5AB56079BC66}.Release|Any CPU.ActiveCfg = Release|Any CPU
		{42F719ED-8413-4895-B5B4-5AB56079BC66}.Release|Any CPU.Build.0 = Release|Any CPU
		{073C361E-B8F4-49F5-93CC-72A3FF49C026}.Debug|Any CPU.ActiveCfg = Debug|Any CPU
		{073C361E-B8F4-49F5-93CC-72A3FF49C026}.Debug|Any CPU.Build.0 = Debug|Any CPU
		{073C361E-B8F4-49F5-93CC-72A3FF49C026}.Release|Any CPU.ActiveCfg = Release|Any CPU
		{073C361E-B8F4-49F5-93CC-72A3FF49C026}.Release|Any CPU.Build.0 = Release|Any CPU
		{1FE30EB9-74A9-47F5-A9F6-7B1FAB672D81}.Debug|Any CPU.ActiveCfg = Debug|Any CPU
		{1FE30EB9-74A9-47F5-A9F6-7B1FAB672D81}.Debug|Any CPU.Build.0 = Debug|Any CPU
		{1FE30EB9-74A9-47F5-A9F6-7B1FAB672D81}.Release|Any CPU.ActiveCfg = Release|Any CPU
		{1FE30EB9-74A9-47F5-A9F6-7B1FAB672D81}.Release|Any CPU.Build.0 = Release|Any CPU
		{91853F21-9CD9-4132-BC29-A7D5D84FFFE7}.Debug|Any CPU.ActiveCfg = Debug|Any CPU
		{91853F21-9CD9-4132-BC29-A7D5D84FFFE7}.Debug|Any CPU.Build.0 = Debug|Any CPU
		{91853F21-9CD9-4132-BC29-A7D5D84FFFE7}.Release|Any CPU.ActiveCfg = Release|Any CPU
		{91853F21-9CD9-4132-BC29-A7D5D84FFFE7}.Release|Any CPU.Build.0 = Release|Any CPU
		{AA94D832-1CCC-4715-95A9-A483F23A1A5D}.Debug|Any CPU.ActiveCfg = Debug|Any CPU
		{AA94D832-1CCC-4715-95A9-A483F23A1A5D}.Debug|Any CPU.Build.0 = Debug|Any CPU
		{AA94D832-1CCC-4715-95A9-A483F23A1A5D}.Release|Any CPU.ActiveCfg = Release|Any CPU
		{AA94D832-1CCC-4715-95A9-A483F23A1A5D}.Release|Any CPU.Build.0 = Release|Any CPU
		{D262476A-A473-4110-801E-E5394345E29E}.Debug|Any CPU.ActiveCfg = Debug|Any CPU
		{D262476A-A473-4110-801E-E5394345E29E}.Debug|Any CPU.Build.0 = Debug|Any CPU
		{D262476A-A473-4110-801E-E5394345E29E}.Release|Any CPU.ActiveCfg = Release|Any CPU
		{D262476A-A473-4110-801E-E5394345E29E}.Release|Any CPU.Build.0 = Release|Any CPU
		{1AE3DBD0-8536-48D2-A254-BBB20F22058A}.Debug|Any CPU.ActiveCfg = Debug|Any CPU
		{1AE3DBD0-8536-48D2-A254-BBB20F22058A}.Debug|Any CPU.Build.0 = Debug|Any CPU
		{1AE3DBD0-8536-48D2-A254-BBB20F22058A}.Release|Any CPU.ActiveCfg = Release|Any CPU
		{1AE3DBD0-8536-48D2-A254-BBB20F22058A}.Release|Any CPU.Build.0 = Release|Any CPU
		{877AD405-FAD0-44BC-8F71-598930554395}.Debug|Any CPU.ActiveCfg = Debug|Any CPU
		{877AD405-FAD0-44BC-8F71-598930554395}.Debug|Any CPU.Build.0 = Debug|Any CPU
		{877AD405-FAD0-44BC-8F71-598930554395}.Release|Any CPU.ActiveCfg = Release|Any CPU
		{877AD405-FAD0-44BC-8F71-598930554395}.Release|Any CPU.Build.0 = Release|Any CPU
		{9C8798B2-1FAB-4082-9F3A-B90A5CB9D2D1}.Debug|Any CPU.ActiveCfg = Debug|Any CPU
		{9C8798B2-1FAB-4082-9F3A-B90A5CB9D2D1}.Debug|Any CPU.Build.0 = Debug|Any CPU
		{9C8798B2-1FAB-4082-9F3A-B90A5CB9D2D1}.Release|Any CPU.ActiveCfg = Release|Any CPU
		{9C8798B2-1FAB-4082-9F3A-B90A5CB9D2D1}.Release|Any CPU.Build.0 = Release|Any CPU
		{FCECFDC6-2152-4A23-BBA8-81101C4612F9}.Debug|Any CPU.ActiveCfg = Debug|Any CPU
		{FCECFDC6-2152-4A23-BBA8-81101C4612F9}.Debug|Any CPU.Build.0 = Debug|Any CPU
		{FCECFDC6-2152-4A23-BBA8-81101C4612F9}.Release|Any CPU.ActiveCfg = Release|Any CPU
		{FCECFDC6-2152-4A23-BBA8-81101C4612F9}.Release|Any CPU.Build.0 = Release|Any CPU
		{1A50C3C7-8C31-453B-AD01-BD2595F6ED96}.Debug|Any CPU.ActiveCfg = Debug|Any CPU
		{1A50C3C7-8C31-453B-AD01-BD2595F6ED96}.Debug|Any CPU.Build.0 = Debug|Any CPU
		{1A50C3C7-8C31-453B-AD01-BD2595F6ED96}.Release|Any CPU.ActiveCfg = Release|Any CPU
		{1A50C3C7-8C31-453B-AD01-BD2595F6ED96}.Release|Any CPU.Build.0 = Release|Any CPU
		{19395BF9-9460-4EAE-A29C-27AC3972100A}.Debug|Any CPU.ActiveCfg = Debug|Any CPU
		{19395BF9-9460-4EAE-A29C-27AC3972100A}.Debug|Any CPU.Build.0 = Debug|Any CPU
		{19395BF9-9460-4EAE-A29C-27AC3972100A}.Release|Any CPU.ActiveCfg = Release|Any CPU
		{19395BF9-9460-4EAE-A29C-27AC3972100A}.Release|Any CPU.Build.0 = Release|Any CPU
		{ACD9EE96-6B01-4B14-8F49-A47DC7B45775}.Debug|Any CPU.ActiveCfg = Debug|Any CPU
		{ACD9EE96-6B01-4B14-8F49-A47DC7B45775}.Debug|Any CPU.Build.0 = Debug|Any CPU
		{ACD9EE96-6B01-4B14-8F49-A47DC7B45775}.Release|Any CPU.ActiveCfg = Release|Any CPU
		{ACD9EE96-6B01-4B14-8F49-A47DC7B45775}.Release|Any CPU.Build.0 = Release|Any CPU
		{687731AF-C771-4280-9F53-CA1D0E73246F}.Debug|Any CPU.ActiveCfg = Debug|Any CPU
		{687731AF-C771-4280-9F53-CA1D0E73246F}.Debug|Any CPU.Build.0 = Debug|Any CPU
		{687731AF-C771-4280-9F53-CA1D0E73246F}.Release|Any CPU.ActiveCfg = Release|Any CPU
		{687731AF-C771-4280-9F53-CA1D0E73246F}.Release|Any CPU.Build.0 = Release|Any CPU
		{190BA968-163D-46D3-8493-9AE404499C42}.Debug|Any CPU.ActiveCfg = Debug|Any CPU
		{190BA968-163D-46D3-8493-9AE404499C42}.Debug|Any CPU.Build.0 = Debug|Any CPU
		{190BA968-163D-46D3-8493-9AE404499C42}.Release|Any CPU.ActiveCfg = Release|Any CPU
		{190BA968-163D-46D3-8493-9AE404499C42}.Release|Any CPU.Build.0 = Release|Any CPU
		{00DF2D43-25AC-4D24-BA9D-2F6961467F0A}.Debug|Any CPU.ActiveCfg = Debug|Any CPU
		{00DF2D43-25AC-4D24-BA9D-2F6961467F0A}.Debug|Any CPU.Build.0 = Debug|Any CPU
		{00DF2D43-25AC-4D24-BA9D-2F6961467F0A}.Release|Any CPU.ActiveCfg = Release|Any CPU
		{00DF2D43-25AC-4D24-BA9D-2F6961467F0A}.Release|Any CPU.Build.0 = Release|Any CPU
		{2C24B8FA-E344-467C-9051-7B74C12047D7}.Debug|Any CPU.ActiveCfg = Debug|Any CPU
		{2C24B8FA-E344-467C-9051-7B74C12047D7}.Debug|Any CPU.Build.0 = Debug|Any CPU
		{2C24B8FA-E344-467C-9051-7B74C12047D7}.Release|Any CPU.ActiveCfg = Release|Any CPU
		{2C24B8FA-E344-467C-9051-7B74C12047D7}.Release|Any CPU.Build.0 = Release|Any CPU
		{140A1A34-7278-495E-86A2-6582D5B7BA49}.Debug|Any CPU.ActiveCfg = Debug|Any CPU
		{140A1A34-7278-495E-86A2-6582D5B7BA49}.Debug|Any CPU.Build.0 = Debug|Any CPU
		{140A1A34-7278-495E-86A2-6582D5B7BA49}.Release|Any CPU.ActiveCfg = Release|Any CPU
		{140A1A34-7278-495E-86A2-6582D5B7BA49}.Release|Any CPU.Build.0 = Release|Any CPU
		{6DDD5331-CB31-4A92-8E37-51A3D17C798C}.Debug|Any CPU.ActiveCfg = Debug|Any CPU
		{6DDD5331-CB31-4A92-8E37-51A3D17C798C}.Debug|Any CPU.Build.0 = Debug|Any CPU
		{6DDD5331-CB31-4A92-8E37-51A3D17C798C}.Release|Any CPU.ActiveCfg = Release|Any CPU
		{6DDD5331-CB31-4A92-8E37-51A3D17C798C}.Release|Any CPU.Build.0 = Release|Any CPU
		{E06E7D0C-51F3-497C-BF48-3A32526AD3E9}.Debug|Any CPU.ActiveCfg = Debug|Any CPU
		{E06E7D0C-51F3-497C-BF48-3A32526AD3E9}.Debug|Any CPU.Build.0 = Debug|Any CPU
		{E06E7D0C-51F3-497C-BF48-3A32526AD3E9}.Release|Any CPU.ActiveCfg = Release|Any CPU
		{E06E7D0C-51F3-497C-BF48-3A32526AD3E9}.Release|Any CPU.Build.0 = Release|Any CPU
		{ED9766D7-897F-443E-9E9D-6B11F385D0A6}.Debug|Any CPU.ActiveCfg = Debug|Any CPU
		{ED9766D7-897F-443E-9E9D-6B11F385D0A6}.Debug|Any CPU.Build.0 = Debug|Any CPU
		{ED9766D7-897F-443E-9E9D-6B11F385D0A6}.Release|Any CPU.ActiveCfg = Release|Any CPU
		{ED9766D7-897F-443E-9E9D-6B11F385D0A6}.Release|Any CPU.Build.0 = Release|Any CPU
	EndGlobalSection
	GlobalSection(SolutionProperties) = preSolution
		HideSolutionNode = FALSE
	EndGlobalSection
	GlobalSection(NestedProjects) = preSolution
		{554AD327-6DBA-4F8F-96F8-81CE7A0C863F} = {766F9EE5-3EA8-48E3-BB7B-906A9DEFA412}
		{C956DD76-69C8-4A9C-83EA-D17DF83340FD} = {27EC79A9-42CF-4176-B3BB-697B07AA287B}
		{42F719ED-8413-4895-B5B4-5AB56079BC66} = {766F9EE5-3EA8-48E3-BB7B-906A9DEFA412}
		{073C361E-B8F4-49F5-93CC-72A3FF49C026} = {1C4ACF57-25F8-4924-AB4B-D4C26C9E0FC1}
		{1FE30EB9-74A9-47F5-A9F6-7B1FAB672D81} = {DC8BB66A-2EDE-43A3-8D59-6B9238D03004}
		{91853F21-9CD9-4132-BC29-A7D5D84FFFE7} = {DC8BB66A-2EDE-43A3-8D59-6B9238D03004}
		{AA94D832-1CCC-4715-95A9-A483F23A1A5D} = {27EC79A9-42CF-4176-B3BB-697B07AA287B}
		{1C4ACF57-25F8-4924-AB4B-D4C26C9E0FC1} = {CA9AC87F-097E-4F15-8393-4BC07735A5B0}
		{0FC5C74A-D6D6-4934-8C0D-184E70CE0C0B} = {CA9AC87F-097E-4F15-8393-4BC07735A5B0}
		{766F9EE5-3EA8-48E3-BB7B-906A9DEFA412} = {0FC5C74A-D6D6-4934-8C0D-184E70CE0C0B}
		{27EC79A9-42CF-4176-B3BB-697B07AA287B} = {0FC5C74A-D6D6-4934-8C0D-184E70CE0C0B}
		{42079C50-0D57-4885-82E2-2C7CCB4BE635} = {CA9AC87F-097E-4F15-8393-4BC07735A5B0}
		{356C65AF-4E2F-4D6A-97E7-D11B384EBFB5} = {CA9AC87F-097E-4F15-8393-4BC07735A5B0}
		{D262476A-A473-4110-801E-E5394345E29E} = {356C65AF-4E2F-4D6A-97E7-D11B384EBFB5}
		{1AE3DBD0-8536-48D2-A254-BBB20F22058A} = {356C65AF-4E2F-4D6A-97E7-D11B384EBFB5}
		{877AD405-FAD0-44BC-8F71-598930554395} = {356C65AF-4E2F-4D6A-97E7-D11B384EBFB5}
		{9C8798B2-1FAB-4082-9F3A-B90A5CB9D2D1} = {356C65AF-4E2F-4D6A-97E7-D11B384EBFB5}
		{FCECFDC6-2152-4A23-BBA8-81101C4612F9} = {356C65AF-4E2F-4D6A-97E7-D11B384EBFB5}
		{EFA0AD54-9FA1-4C62-B557-A1CDC3A43AB6} = {04DBDB01-70F4-4E06-B468-8F87850B22BE}
		{9F28FB6E-A077-49ED-A011-9200E9D854E8} = {04DBDB01-70F4-4E06-B468-8F87850B22BE}
		{1A50C3C7-8C31-453B-AD01-BD2595F6ED96} = {9F28FB6E-A077-49ED-A011-9200E9D854E8}
		{19395BF9-9460-4EAE-A29C-27AC3972100A} = {9F28FB6E-A077-49ED-A011-9200E9D854E8}
		{DC8BB66A-2EDE-43A3-8D59-6B9238D03004} = {04DBDB01-70F4-4E06-B468-8F87850B22BE}
		{ACD9EE96-6B01-4B14-8F49-A47DC7B45775} = {EFA0AD54-9FA1-4C62-B557-A1CDC3A43AB6}
		{687731AF-C771-4280-9F53-CA1D0E73246F} = {EFA0AD54-9FA1-4C62-B557-A1CDC3A43AB6}
		{190BA968-163D-46D3-8493-9AE404499C42} = {42079C50-0D57-4885-82E2-2C7CCB4BE635}
		{00DF2D43-25AC-4D24-BA9D-2F6961467F0A} = {42079C50-0D57-4885-82E2-2C7CCB4BE635}
		{2C24B8FA-E344-467C-9051-7B74C12047D7} = {42079C50-0D57-4885-82E2-2C7CCB4BE635}
		{140A1A34-7278-495E-86A2-6582D5B7BA49} = {42079C50-0D57-4885-82E2-2C7CCB4BE635}
		{6DDD5331-CB31-4A92-8E37-51A3D17C798C} = {42079C50-0D57-4885-82E2-2C7CCB4BE635}
		{E06E7D0C-51F3-497C-BF48-3A32526AD3E9} = {DC8BB66A-2EDE-43A3-8D59-6B9238D03004}
		{ED9766D7-897F-443E-9E9D-6B11F385D0A6} = {27EC79A9-42CF-4176-B3BB-697B07AA287B}
	EndGlobalSection
	GlobalSection(ExtensibilityGlobals) = postSolution
		SolutionGuid = {28315BFD-90E7-4E14-A2EA-F3D23AF4126F}
	EndGlobalSection
EndGlobal
